github.com/Necroforger/dgrouter v0.0.0-20190528143456-040421b5a83e h1:xuNW6yNogKnVFtgYWZIBNxlcnMMlIhegVxwNRDp8HhM=
github.com/Necroforger/dgrouter v0.0.0-20190528143456-040421b5a83e/go.mod h1:FdMxPfOp4ppZW2OJjLagSMri7g5k9luvTm7Y3aIxQSc=
github.com/aerogo/http v1.0.9/go.mod h1:qVlq+QszT9mFVL92hmMs71fqzA1DILTjNSucEWUdFmk=
github.com/aerogo/http v1.1.0 h1:Ii+XcJ2OrX0Q/a2Zz99+z501TgYcwiWMt7bo0cOkYRg=
github.com/aerogo/http v1.1.0/go.mod h1:5VMFMcmM5djh6c7L/v++HUjFvVz+7ER2t2NfXRrzohk=
github.com/akyoto/assert v0.1.3/go.mod h1:g5e6ag+ksCEQENq/LnmU9z04wCAIFDr8KacBusVL0H8=
github.com/akyoto/assert v0.2.0/go.mod h1:g5e6ag+ksCEQENq/LnmU9z04wCAIFDr8KacBusVL0H8=
github.com/akyoto/assert v0.2.3/go.mod h1:g5e6ag+ksCEQENq/LnmU9z04wCAIFDr8KacBusVL0H8=
github.com/akyoto/stringutils v0.2.3/go.mod h1:nyO78pc92gciYObsOGWasnQN/s18JEQusXtN/7iC2AM=
github.com/akyoto/stringutils v0.3.0 h1:NJpcnpvp1dYmJAvuZapj1D5aEDRPv+c8vAva7qSklL4=
github.com/akyoto/stringutils v0.3.0/go.mod h1:v+Lr6tJxVd/Q1InaxsqaSXO+vSkG7MYMNc9Y9ul6Mkc=
github.com/animenotifier/anilist v0.2.6 h1:L1M7fcgy+gAShscnHucz+Jn3nM1hOQKWZxuyhLatBBo=
github.com/animenotifier/anilist v0.2.6/go.mod h1:fzOQXacU6rHnVoLFZaercp26BwNZDWkB6MocbNst5mY=
github.com/animenotifier/kitsu v0.2.4 h1:YFVUR0EPSbSljjgEWtf4Hz72cCFgGyxOpjPc+64EsWA=
github.com/animenotifier/kitsu v0.2.4/go.mod h1:9ymFP+JgXlIYJ+hvaZMut9M4jHXdteYG+7/dk4XggQY=
github.com/aws/aws-sdk-go v1.30.7 h1:IaXfqtioP6p9SFAnNfsqdNczbR5UNbYqvcZUSsCAdTY=
github.com/aws/aws-sdk-go v1.30.7/go.mod h1:5zCpMtNQVjRREroY7sYe8lOMRSxkhG6MZveU8YkpAk0=
github.com/bwmarrin/discordgo v0.20.0 h1:EVujVeX9y7hGISnw3SrhOTNiPtrAfihWdJetkumLZng=
github.com/bwmarrin/discordgo v0.20.0/go.mod h1:Qojx8+Uc/wPdc8UGkHiTzEu84fumFqOyUnQ9Cac6/sc=
github.com/davecgh/go-spew v1.1.0/go.mod h1:J7Y8YcW2NihsgmVo/mv3lAwl/skON4iLHjSsI+c5H38=
github.com/davecgh/go-spew v1.1.1/go.mod h1:J7Y8YcW2NihsgmVo/mv3lAwl/skON4iLHjSsI+c5H38=
github.com/disintegration/imaging v1.6.2 h1:w1LecBlG2Lnp8B3jk5zSuNqd7b4DXhcjwek1ei82L+c=
github.com/disintegration/imaging v1.6.2/go.mod h1:44/5580QXChDfwIclfc/PCwrr44amcmDAg8hxG0Ewe4=
github.com/go-sql-driver/mysql v1.5.0/go.mod h1:DCzpHaOWr8IXmIStZouvnhqoel9Qv2LBy8hT2VhHyBg=
github.com/google/gofuzz v1.0.0/go.mod h1:dBl0BpW6vV/+mYPU4Po3pmUjxk6FQPldtuIdl/M65Eg=
github.com/gorilla/websocket v1.4.0 h1:WDFjx/TMzVgy9VdMMQi2K2Emtwi2QcUQsztZ/zLaH/Q=
github.com/gorilla/websocket v1.4.0/go.mod h1:E7qHFY5m1UJ88s3WnNqhKjPHQ0heANvMoAMk2YaljkQ=
github.com/h2non/filetype v1.0.12 h1:yHCsIe0y2cvbDARtJhGBTD2ecvqMSTvlIcph9En/Zao=
github.com/h2non/filetype v1.0.12/go.mod h1:319b3zT68BvV+WRj7cwy856M2ehB3HqNOt6sy1HndBY=
github.com/jmespath/go-jmespath v0.3.0 h1:OS12ieG61fsCg5+qLJ+SsW9NicxNkg3b25OyT2yCeUc=
github.com/jmespath/go-jmespath v0.3.0/go.mod h1:9QtRXoHjLGCJ5IBSaohpXITPlowMeeYCZ7fLUTSywik=
github.com/json-iterator/go v1.1.7/go.mod h1:KdQUCv79m/52Kvf8AW2vK1V8akMuk1QjK/uOdHXbAo4=
github.com/kr/pretty v0.1.0/go.mod h1:dAy3ld7l9f0ibDNOQOHHMYYIIbhfbHSm3C4ZsoJORNo=
github.com/kr/pty v1.1.1/go.mod h1:pFQYn66WHrOpPYNljwOMqo10TkYh1fy3cYio2l3bCsQ=
github.com/kr/text v0.1.0/go.mod h1:4Jbv+DJW3UT/LiOwJeYQe1efqtUx/iVham/4vfdArNI=
github.com/modern-go/concurrent v0.0.0-20180228061459-e0a39a4cb421/go.mod h1:6dJC0mAP4ikYIbvyc7fijjWJddQyLn8Ig3JB5CqoB9Q=
github.com/modern-go/concurrent v0.0.0-20180306012644-bacd9c7ef1dd/go.mod h1:6dJC0mAP4ikYIbvyc7fijjWJddQyLn8Ig3JB5CqoB9Q=
github.com/modern-go/reflect2 v0.0.0-20180701023420-4b7aa43c6742/go.mod h1:bx2lNnkwVCuqBIxFjflWJWanXIb3RllmbCylyMrvgv0=
github.com/modern-go/reflect2 v1.0.1/go.mod h1:bx2lNnkwVCuqBIxFjflWJWanXIb3RllmbCylyMrvgv0=
github.com/mvdan/xurls v1.1.0 h1:OpuDelGQ1R1ueQ6sSryzi6P+1RtBpfQHM8fJwlE45ww=
github.com/mvdan/xurls v1.1.0/go.mod h1:tQlNn3BED8bE/15hnSL2HLkDeLWpNPAwtw7wkEq44oU=
github.com/paul-mannino/go-fuzzywuzzy v0.0.0-20200127021948-54652b135d0e h1:UMX/0xkc/jcivgGjoBumSA1YwxT3eq6rYeWOOEuPU38=
github.com/paul-mannino/go-fuzzywuzzy v0.0.0-20200127021948-54652b135d0e/go.mod h1:AMWhKRluACdXhJMWJiVOuqwmZvJOcdmjgbla/9zOKzE=
github.com/pkg/errors v0.9.1/go.mod h1:bwawxfHBFNV+L2hUp1rHADufV3IMtnDRdf1r5NINEl0=
github.com/pmezard/go-difflib v1.0.0/go.mod h1:iKH77koFhYxTK1pcRnkKkqfTogsbg7gZNVY4sRDYZ/4=
github.com/stretchr/objx v0.1.0/go.mod h1:HFkY916IF+rwdDfMAkV7OtwuqBVzrE8GR6GFx+wExME=
github.com/stretchr/testify v1.3.0/go.mod h1:M5WIy9Dh21IEIfnGCwXGc5bZfKNJtfHm1UVUgZn+9EI=
github.com/stretchr/testify v1.4.0/go.mod h1:j7eGeouHqKxXV5pUuKE4zz7dFj8WfuZ+81PSLYec5m4=
github.com/stretchr/testify v1.5.1/go.mod h1:5W2xD1RspED5o8YsWQXVCued0rvSQ+mT+I5cxcmMvtA=
golang.org/x/crypto v0.0.0-20181030102418-4d3f4d9ffa16/go.mod h1:6SG95UA2DQfeDnfUPMdvaQW0Q7yPrPDi9nlGo2tz2b4=
golang.org/x/crypto v0.0.0-20190308221718-c2843e01d9a2 h1:VklqNMn3ovrHsnt90PveolxSbWFaJdECFbxSq0Mqo2M=
golang.org/x/crypto v0.0.0-20190308221718-c2843e01d9a2/go.mod h1:djNgcEr1/C05ACkg1iLfiJU5Ep61QUkGW8qpdssI0+w=
golang.org/x/image v0.0.0-20191009234506-e7c1f5e7dbb8 h1:hVwzHzIUGRjiF7EcUjqNxk3NCfkPxbDKRdnNE1Rpg0U=
golang.org/x/image v0.0.0-20191009234506-e7c1f5e7dbb8/go.mod h1:FeLwcggjj3mMvU+oOTbSwawSJRM1uh48EjtB4UJZlP0=
golang.org/x/net v0.0.0-20200202094626-16171245cfb2/go.mod h1:z5CRVTTTmAJ677TzLLGU+0bjPO0LkuOLi4/5GtJWs/s=
golang.org/x/sys v0.0.0-20190215142949-d0b11bdaac8a h1:1BGLXjeY4akVXGgbC9HugT3Jv3hCI0z56oJR5vAMgBU=
golang.org/x/sys v0.0.0-20190215142949-d0b11bdaac8a/go.mod h1:STP8DvDyc/dI5b8T5hshtkjS+E42TnysNCUPdjciGhY=
golang.org/x/text v0.3.0/go.mod h1:NqM8EUOU14njkJ3fqMW+pc6Ldnwhi/IjpwHt7yyuwOQ=
gopkg.in/check.v1 v0.0.0-20161208181325-20d25e280405/go.mod h1:Co6ibVJAznAaIkqp8huTwlJQCZ016jof/cbN4VW5Yz0=
gopkg.in/check.v1 v1.0.0-20180628173108-788fd7840127/go.mod h1:Co6ibVJAznAaIkqp8huTwlJQCZ016jof/cbN4VW5Yz0=
gopkg.in/yaml.v2 v2.2.2/go.mod h1:hI93XBmqTisBFMUTm0b8Fm+jr3Dg1NNxqwp+5A1VGuI=
